
Microsoft Visual Studio Solution File, Format Version 12.00
# Visual Studio Version 17
VisualStudioVersion = 17.0.31903.59
MinimumVisualStudioVersion = 10.0.40219.1
Project("{2150E333-8FDC-42A3-9474-1A3956D46DE8}") = "src", "src", "{827E0CD3-B72D-47B6-A68D-7590B98EB39B}"
EndProject
Project("{FAE04EC0-301F-11D3-BF4B-00C04F79EFBC}") = "WinLLMUsage.Core", "src\WinLLMUsage.Core\WinLLMUsage.Core.csproj", "{D4712CF0-9CF5-41BF-BA31-2F53C6787E31}"
EndProject
Project("{FAE04EC0-301F-11D3-BF4B-00C04F79EFBC}") = "WinLLMUsage.Providers", "src\WinLLMUsage.Providers\WinLLMUsage.Providers.csproj", "{C0888D6C-ABE5-4530-AA0A-A5985E836519}"
EndProject
Project("{FAE04EC0-301F-11D3-BF4B-00C04F79EFBC}") = "WinLLMUsage.Infrastructure", "src\WinLLMUsage.Infrastructure\WinLLMUsage.Infrastructure.csproj", "{D8747A08-E039-4ACB-BEBD-8258BF749D15}"
EndProject
Project("{FAE04EC0-301F-11D3-BF4B-00C04F79EFBC}") = "WinLLMUsage.Windows", "src\WinLLMUsage.Windows\WinLLMUsage.Windows.csproj", "{C09B84C2-305E-4568-8791-FB2C6D1D8E8A}"
EndProject
Project("{FAE04EC0-301F-11D3-BF4B-00C04F79EFBC}") = "WinLLMUsage.Cli", "src\WinLLMUsage.Cli\WinLLMUsage.Cli.csproj", "{0302F6B4-EBFA-414E-A7FA-A6CB9F19289C}"
EndProject
Project("{2150E333-8FDC-42A3-9474-1A3956D46DE8}") = "tests", "tests", "{0AB3BF05-4346-4AA6-1389-037BE0695223}"
EndProject
Project("{FAE04EC0-301F-11D3-BF4B-00C04F79EFBC}") = "WinLLMUsage.Core.Tests", "tests\WinLLMUsage.Core.Tests\WinLLMUsage.Core.Tests.csproj", "{86ECDC25-9E58-42D7-A4AF-8812658B27C0}"
EndProject
Project("{FAE04EC0-301F-11D3-BF4B-00C04F79EFBC}") = "WinLLMUsage.Providers.Tests", "tests\WinLLMUsage.Providers.Tests\WinLLMUsage.Providers.Tests.csproj", "{CC7A36A6-74B8-4FDC-82C0-5735D2032F95}"
EndProject
Project("{FAE04EC0-301F-11D3-BF4B-00C04F79EFBC}") = "WinLLMUsage.Infrastructure.Tests", "tests\WinLLMUsage.Infrastructure.Tests\WinLLMUsage.Infrastructure.Tests.csproj", "{489397E1-F67E-481E-8FDE-5D2D72A1E403}"
EndProject
Project("{FAE04EC0-301F-11D3-BF4B-00C04F79EFBC}") = "WinLLMUsage.Windows.Tests", "tests\WinLLMUsage.Windows.Tests\WinLLMUsage.Windows.Tests.csproj", "{B61DF436-E0A4-474C-BC0B-7B886CDFFC3F}"
EndProject
Project("{FAE04EC0-301F-11D3-BF4B-00C04F79EFBC}") = "WinLLMUsage.App.Tests", "tests\WinLLMUsage.App.Tests\WinLLMUsage.App.Tests.csproj", "{CFD71F8E-5A8B-4D6F-A5C9-F6128C59AC89}"
EndProject
Project("{FAE04EC0-301F-11D3-BF4B-00C04F79EFBC}") = "WinLLMUsage.App", "src\WinLLMUsage.App\WinLLMUsage.App.csproj", "{DCBB7BF0-3690-4D32-BF10-5619E1DA6E48}"
EndProject
Global
	GlobalSection(SolutionConfigurationPlatforms) = preSolution
		Debug|Any CPU = Debug|Any CPU
		Debug|x64 = Debug|x64
		Debug|x86 = Debug|x86
		Release|Any CPU = Release|Any CPU
		Release|x64 = Release|x64
		Release|x86 = Release|x86
	EndGlobalSection
	GlobalSection(ProjectConfigurationPlatforms) = postSolution
		{D4712CF0-9CF5-41BF-BA31-2F53C6787E31}.Debug|Any CPU.ActiveCfg = Debug|Any CPU
		{D4712CF0-9CF5-41BF-BA31-2F53C6787E31}.Debug|Any CPU.Build.0 = Debug|Any CPU
		{D4712CF0-9CF5-41BF-BA31-2F53C6787E31}.Debug|x64.ActiveCfg = Debug|Any CPU
		{D4712CF0-9CF5-41BF-BA31-2F53C6787E31}.Debug|x64.Build.0 = Debug|Any CPU
		{D4712CF0-9CF5-41BF-BA31-2F53C6787E31}.Debug|x86.ActiveCfg = Debug|Any CPU
		{D4712CF0-9CF5-41BF-BA31-2F53C6787E31}.Debug|x86.Build.0 = Debug|Any CPU
		{D4712CF0-9CF5-41BF-BA31-2F53C6787E31}.Release|Any CPU.ActiveCfg = Release|Any CPU
		{D4712CF0-9CF5-41BF-BA31-2F53C6787E31}.Release|Any CPU.Build.0 = Release|Any CPU
		{D4712CF0-9CF5-41BF-BA31-2F53C6787E31}.Release|x64.ActiveCfg = Release|Any CPU
		{D4712CF0-9CF5-41BF-BA31-2F53C6787E31}.Release|x64.Build.0 = Release|Any CPU
		{D4712CF0-9CF5-41BF-BA31-2F53C6787E31}.Release|x86.ActiveCfg = Release|Any CPU
		{D4712CF0-9CF5-41BF-BA31-2F53C6787E31}.Release|x86.Build.0 = Release|Any CPU
		{C0888D6C-ABE5-4530-AA0A-A5985E836519}.Debug|Any CPU.ActiveCfg = Debug|Any CPU
		{C0888D6C-ABE5-4530-AA0A-A5985E836519}.Debug|Any CPU.Build.0 = Debug|Any CPU
		{C0888D6C-ABE5-4530-AA0A-A5985E836519}.Debug|x64.ActiveCfg = Debug|Any CPU
		{C0888D6C-ABE5-4530-AA0A-A5985E836519}.Debug|x64.Build.0 = Debug|Any CPU
		{C0888D6C-ABE5-4530-AA0A-A5985E836519}.Debug|x86.ActiveCfg = Debug|Any CPU
		{C0888D6C-ABE5-4530-AA0A-A5985E836519}.Debug|x86.Build.0 = Debug|Any CPU
		{C0888D6C-ABE5-4530-AA0A-A5985E836519}.Release|Any CPU.ActiveCfg = Release|Any CPU
		{C0888D6C-ABE5-4530-AA0A-A5985E836519}.Release|Any CPU.Build.0 = Release|Any CPU
		{C0888D6C-ABE5-4530-AA0A-A5985E836519}.Release|x64.ActiveCfg = Release|Any CPU
		{C0888D6C-ABE5-4530-AA0A-A5985E836519}.Release|x64.Build.0 = Release|Any CPU
		{C0888D6C-ABE5-4530-AA0A-A5985E836519}.Release|x86.ActiveCfg = Release|Any CPU
		{C0888D6C-ABE5-4530-AA0A-A5985E836519}.Release|x86.Build.0 = Release|Any CPU
		{D8747A08-E039-4ACB-BEBD-8258BF749D15}.Debug|Any CPU.ActiveCfg = Debug|Any CPU
		{D8747A08-E039-4ACB-BEBD-8258BF749D15}.Debug|Any CPU.Build.0 = Debug|Any CPU
		{D8747A08-E039-4ACB-BEBD-8258BF749D15}.Debug|x64.ActiveCfg = Debug|Any CPU
		{D8747A08-E039-4ACB-BEBD-8258BF749D15}.Debug|x64.Build.0 = Debug|Any CPU
		{D8747A08-E039-4ACB-BEBD-8258BF749D15}.Debug|x86.ActiveCfg = Debug|Any CPU
		{D8747A08-E039-4ACB-BEBD-8258BF749D15}.Debug|x86.Build.0 = Debug|Any CPU
		{D8747A08-E039-4ACB-BEBD-8258BF749D15}.Release|Any CPU.ActiveCfg = Release|Any CPU
		{D8747A08-E039-4ACB-BEBD-8258BF749D15}.Release|Any CPU.Build.0 = Release|Any CPU
		{D8747A08-E039-4ACB-BEBD-8258BF749D15}.Release|x64.ActiveCfg = Release|Any CPU
		{D8747A08-E039-4ACB-BEBD-8258BF749D15}.Release|x64.Build.0 = Release|Any CPU
		{D8747A08-E039-4ACB-BEBD-8258BF749D15}.Release|x86.ActiveCfg = Release|Any CPU
		{D8747A08-E039-4ACB-BEBD-8258BF749D15}.Release|x86.Build.0 = Release|Any CPU
		{C09B84C2-305E-4568-8791-FB2C6D1D8E8A}.Debug|Any CPU.ActiveCfg = Debug|Any CPU
		{C09B84C2-305E-4568-8791-FB2C6D1D8E8A}.Debug|Any CPU.Build.0 = Debug|Any CPU
		{C09B84C2-305E-4568-8791-FB2C6D1D8E8A}.Debug|x64.ActiveCfg = Debug|Any CPU
		{C09B84C2-305E-4568-8791-FB2C6D1D8E8A}.Debug|x64.Build.0 = Debug|Any CPU
		{C09B84C2-305E-4568-8791-FB2C6D1D8E8A}.Debug|x86.ActiveCfg = Debug|Any CPU
		{C09B84C2-305E-4568-8791-FB2C6D1D8E8A}.Debug|x86.Build.0 = Debug|Any CPU
		{C09B84C2-305E-4568-8791-FB2C6D1D8E8A}.Release|Any CPU.ActiveCfg = Release|Any CPU
		{C09B84C2-305E-4568-8791-FB2C6D1D8E8A}.Release|Any CPU.Build.0 = Release|Any CPU
		{C09B84C2-305E-4568-8791-FB2C6D1D8E8A}.Release|x64.ActiveCfg = Release|Any CPU
		{C09B84C2-305E-4568-8791-FB2C6D1D8E8A}.Release|x64.Build.0 = Release|Any CPU
		{C09B84C2-305E-4568-8791-FB2C6D1D8E8A}.Release|x86.ActiveCfg = Release|Any CPU
		{C09B84C2-305E-4568-8791-FB2C6D1D8E8A}.Release|x86.Build.0 = Release|Any CPU
		{0302F6B4-EBFA-414E-A7FA-A6CB9F19289C}.Debug|Any CPU.ActiveCfg = Debug|Any CPU
		{0302F6B4-EBFA-414E-A7FA-A6CB9F19289C}.Debug|Any CPU.Build.0 = Debug|Any CPU
		{0302F6B4-EBFA-414E-A7FA-A6CB9F19289C}.Debug|x64.ActiveCfg = Debug|Any CPU
		{0302F6B4-EBFA-414E-A7FA-A6CB9F19289C}.Debug|x64.Build.0 = Debug|Any CPU
		{0302F6B4-EBFA-414E-A7FA-A6CB9F19289C}.Debug|x86.ActiveCfg = Debug|Any CPU
		{0302F6B4-EBFA-414E-A7FA-A6CB9F19289C}.Debug|x86.Build.0 = Debug|Any CPU
		{0302F6B4-EBFA-414E-A7FA-A6CB9F19289C}.Release|Any CPU.ActiveCfg = Release|Any CPU
		{0302F6B4-EBFA-414E-A7FA-A6CB9F19289C}.Release|Any CPU.Build.0 = Release|Any CPU
		{0302F6B4-EBFA-414E-A7FA-A6CB9F19289C}.Release|x64.ActiveCfg = Release|Any CPU
		{0302F6B4-EBFA-414E-A7FA-A6CB9F19289C}.Release|x64.Build.0 = Release|Any CPU
		{0302F6B4-EBFA-414E-A7FA-A6CB9F19289C}.Release|x86.ActiveCfg = Release|Any CPU
		{0302F6B4-EBFA-414E-A7FA-A6CB9F19289C}.Release|x86.Build.0 = Release|Any CPU
		{86ECDC25-9E58-42D7-A4AF-8812658B27C0}.Debug|Any CPU.ActiveCfg = Debug|Any CPU
		{86ECDC25-9E58-42D7-A4AF-8812658B27C0}.Debug|Any CPU.Build.0 = Debug|Any CPU
		{86ECDC25-9E58-42D7-A4AF-8812658B27C0}.Debug|x64.ActiveCfg = Debug|Any CPU
		{86ECDC25-9E58-42D7-A4AF-8812658B27C0}.Debug|x64.Build.0 = Debug|Any CPU
		{86ECDC25-9E58-42D7-A4AF-8812658B27C0}.Debug|x86.ActiveCfg = Debug|Any CPU
		{86ECDC25-9E58-42D7-A4AF-8812658B27C0}.Debug|x86.Build.0 = Debug|Any CPU
		{86ECDC25-9E58-42D7-A4AF-8812658B27C0}.Release|Any CPU.ActiveCfg = Release|Any CPU
		{86ECDC25-9E58-42D7-A4AF-8812658B27C0}.Release|Any CPU.Build.0 = Release|Any CPU
		{86ECDC25-9E58-42D7-A4AF-8812658B27C0}.Release|x64.ActiveCfg = Release|Any CPU
		{86ECDC25-9E58-42D7-A4AF-8812658B27C0}.Release|x64.Build.0 = Release|Any CPU
		{86ECDC25-9E58-42D7-A4AF-8812658B27C0}.Release|x86.ActiveCfg = Release|Any CPU
		{86ECDC25-9E58-42D7-A4AF-8812658B27C0}.Release|x86.Build.0 = Release|Any CPU
		{CC7A36A6-74B8-4FDC-82C0-5735D2032F95}.Debug|Any CPU.ActiveCfg = Debug|Any CPU
		{CC7A36A6-74B8-4FDC-82C0-5735D2032F95}.Debug|Any CPU.Build.0 = Debug|Any CPU
		{CC7A36A6-74B8-4FDC-82C0-5735D2032F95}.Debug|x64.ActiveCfg = Debug|Any CPU
		{CC7A36A6-74B8-4FDC-82C0-5735D2032F95}.Debug|x64.Build.0 = Debug|Any CPU
		{CC7A36A6-74B8-4FDC-82C0-5735D2032F95}.Debug|x86.ActiveCfg = Debug|Any CPU
		{CC7A36A6-74B8-4FDC-82C0-5735D2032F95}.Debug|x86.Build.0 = Debug|Any CPU
		{CC7A36A6-74B8-4FDC-82C0-5735D2032F95}.Release|Any CPU.ActiveCfg = Release|Any CPU
		{CC7A36A6-74B8-4FDC-82C0-5735D2032F95}.Release|Any CPU.Build.0 = Release|Any CPU
		{CC7A36A6-74B8-4FDC-82C0-5735D2032F95}.Release|x64.ActiveCfg = Release|Any CPU
		{CC7A36A6-74B8-4FDC-82C0-5735D2032F95}.Release|x64.Build.0 = Release|Any CPU
		{CC7A36A6-74B8-4FDC-82C0-5735D2032F95}.Release|x86.ActiveCfg = Release|Any CPU
		{CC7A36A6-74B8-4FDC-82C0-5735D2032F95}.Release|x86.Build.0 = Release|Any CPU
		{489397E1-F67E-481E-8FDE-5D2D72A1E403}.Debug|Any CPU.ActiveCfg = Debug|Any CPU
		{489397E1-F67E-481E-8FDE-5D2D72A1E403}.Debug|Any CPU.Build.0 = Debug|Any CPU
		{489397E1-F67E-481E-8FDE-5D2D72A1E403}.Debug|x64.ActiveCfg = Debug|Any CPU
		{489397E1-F67E-481E-8FDE-5D2D72A1E403}.Debug|x64.Build.0 = Debug|Any CPU
		{489397E1-F67E-481E-8FDE-5D2D72A1E403}.Debug|x86.ActiveCfg = Debug|Any CPU
		{489397E1-F67E-481E-8FDE-5D2D72A1E403}.Debug|x86.Build.0 = Debug|Any CPU
		{489397E1-F67E-481E-8FDE-5D2D72A1E403}.Release|Any CPU.ActiveCfg = Release|Any CPU
		{489397E1-F67E-481E-8FDE-5D2D72A1E403}.Release|Any CPU.Build.0 = Release|Any CPU
		{489397E1-F67E-481E-8FDE-5D2D72A1E403}.Release|x64.ActiveCfg = Release|Any CPU
		{489397E1-F67E-481E-8FDE-5D2D72A1E403}.Release|x64.Build.0 = Release|Any CPU
		{489397E1-F67E-481E-8FDE-5D2D72A1E403}.Release|x86.ActiveCfg = Release|Any CPU
		{489397E1-F67E-481E-8FDE-5D2D72A1E403}.Release|x86.Build.0 = Release|Any CPU
		{B61DF436-E0A4-474C-BC0B-7B886CDFFC3F}.Debug|Any CPU.ActiveCfg = Debug|Any CPU
		{B61DF436-E0A4-474C-BC0B-7B886CDFFC3F}.Debug|Any CPU.Build.0 = Debug|Any CPU
		{B61DF436-E0A4-474C-BC0B-7B886CDFFC3F}.Debug|x64.ActiveCfg = Debug|Any CPU
		{B61DF436-E0A4-474C-BC0B-7B886CDFFC3F}.Debug|x64.Build.0 = Debug|Any CPU
		{B61DF436-E0A4-474C-BC0B-7B886CDFFC3F}.Debug|x86.ActiveCfg = Debug|Any CPU
		{B61DF436-E0A4-474C-BC0B-7B886CDFFC3F}.Debug|x86.Build.0 = Debug|Any CPU
		{B61DF436-E0A4-474C-BC0B-7B886CDFFC3F}.Release|Any CPU.ActiveCfg = Release|Any CPU
		{B61DF436-E0A4-474C-BC0B-7B886CDFFC3F}.Release|Any CPU.Build.0 = Release|Any CPU
		{B61DF436-E0A4-474C-BC0B-7B886CDFFC3F}.Release|x64.ActiveCfg = Release|Any CPU
		{B61DF436-E0A4-474C-BC0B-7B886CDFFC3F}.Release|x64.Build.0 = Release|Any CPU
		{B61DF436-E0A4-474C-BC0B-7B886CDFFC3F}.Release|x86.ActiveCfg = Release|Any CPU
		{B61DF436-E0A4-474C-BC0B-7B886CDFFC3F}.Release|x86.Build.0 = Release|Any CPU
		{CFD71F8E-5A8B-4D6F-A5C9-F6128C59AC89}.Debug|Any CPU.ActiveCfg = Debug|Any CPU
		{CFD71F8E-5A8B-4D6F-A5C9-F6128C59AC89}.Debug|Any CPU.Build.0 = Debug|Any CPU
		{CFD71F8E-5A8B-4D6F-A5C9-F6128C59AC89}.Debug|x64.ActiveCfg = Debug|Any CPU
		{CFD71F8E-5A8B-4D6F-A5C9-F6128C59AC89}.Debug|x64.Build.0 = Debug|Any CPU
		{CFD71F8E-5A8B-4D6F-A5C9-F6128C59AC89}.Debug|x86.ActiveCfg = Debug|Any CPU
		{CFD71F8E-5A8B-4D6F-A5C9-F6128C59AC89}.Debug|x86.Build.0 = Debug|Any CPU
		{CFD71F8E-5A8B-4D6F-A5C9-F6128C59AC89}.Release|Any CPU.ActiveCfg = Release|Any CPU
		{CFD71F8E-5A8B-4D6F-A5C9-F6128C59AC89}.Release|Any CPU.Build.0 = Release|Any CPU
		{CFD71F8E-5A8B-4D6F-A5C9-F6128C59AC89}.Release|x64.ActiveCfg = Release|Any CPU
		{CFD71F8E-5A8B-4D6F-A5C9-F6128C59AC89}.Release|x64.Build.0 = Release|Any CPU
		{CFD71F8E-5A8B-4D6F-A5C9-F6128C59AC89}.Release|x86.ActiveCfg = Release|Any CPU
		{CFD71F8E-5A8B-4D6F-A5C9-F6128C59AC89}.Release|x86.Build.0 = Release|Any CPU
		{DCBB7BF0-3690-4D32-BF10-5619E1DA6E48}.Debug|Any CPU.ActiveCfg = Debug|Any CPU
		{DCBB7BF0-3690-4D32-BF10-5619E1DA6E48}.Debug|Any CPU.Build.0 = Debug|Any CPU
		{DCBB7BF0-3690-4D32-BF10-5619E1DA6E48}.Debug|x64.ActiveCfg = Debug|Any CPU
		{DCBB7BF0-3690-4D32-BF10-5619E1DA6E48}.Debug|x64.Build.0 = Debug|Any CPU
		{DCBB7BF0-3690-4D32-BF10-5619E1DA6E48}.Debug|x86.ActiveCfg = Debug|Any CPU
		{DCBB7BF0-3690-4D32-BF10-5619E1DA6E48}.Debug|x86.Build.0 = Debug|Any CPU
		{DCBB7BF0-3690-4D32-BF10-5619E1DA6E48}.Release|Any CPU.ActiveCfg = Release|Any CPU
		{DCBB7BF0-3690-4D32-BF10-5619E1DA6E48}.Release|Any CPU.Build.0 = Release|Any CPU
		{DCBB7BF0-3690-4D32-BF10-5619E1DA6E48}.Release|x64.ActiveCfg = Release|Any CPU
		{DCBB7BF0-3690-4D32-BF10-5619E1DA6E48}.Release|x64.Build.0 = Release|Any CPU
		{DCBB7BF0-3690-4D32-BF10-5619E1DA6E48}.Release|x86.ActiveCfg = Release|Any CPU
		{DCBB7BF0-3690-4D32-BF10-5619E1DA6E48}.Release|x86.Build.0 = Release|Any CPU
	EndGlobalSection
	GlobalSection(SolutionProperties) = preSolution
		HideSolutionNode = FALSE
	EndGlobalSection
	GlobalSection(NestedProjects) = preSolution
		{D4712CF0-9CF5-41BF-BA31-2F53C6787E31} = {827E0CD3-B72D-47B6-A68D-7590B98EB39B}
		{C0888D6C-ABE5-4530-AA0A-A5985E836519} = {827E0CD3-B72D-47B6-A68D-7590B98EB39B}
		{D8747A08-E039-4ACB-BEBD-8258BF749D15} = {827E0CD3-B72D-47B6-A68D-7590B98EB39B}
		{C09B84C2-305E-4568-8791-FB2C6D1D8E8A} = {827E0CD3-B72D-47B6-A68D-7590B98EB39B}
		{0302F6B4-EBFA-414E-A7FA-A6CB9F19289C} = {827E0CD3-B72D-47B6-A68D-7590B98EB39B}
		{86ECDC25-9E58-42D7-A4AF-8812658B27C0} = {0AB3BF05-4346-4AA6-1389-037BE0695223}
		{CC7A36A6-74B8-4FDC-82C0-5735D2032F95} = {0AB3BF05-4346-4AA6-1389-037BE0695223}
		{489397E1-F67E-481E-8FDE-5D2D72A1E403} = {0AB3BF05-4346-4AA6-1389-037BE0695223}
		{B61DF436-E0A4-474C-BC0B-7B886CDFFC3F} = {0AB3BF05-4346-4AA6-1389-037BE0695223}
		{CFD71F8E-5A8B-4D6F-A5C9-F6128C59AC89} = {0AB3BF05-4346-4AA6-1389-037BE0695223}
		{DCBB7BF0-3690-4D32-BF10-5619E1DA6E48} = {827E0CD3-B72D-47B6-A68D-7590B98EB39B}
	EndGlobalSection
EndGlobal
